// !$*UTF8*$!
{
	archiveVersion = 1;
	classes = {
	};
	objectVersion = 50;
	objects = {

/* Begin PBXBuildFile section */
		37A1B104218E5C9400098A3D /* Bathroom.swift in Sources */ = {isa = PBXBuildFile; fileRef = 37A1B103218E5C9400098A3D /* Bathroom.swift */; };
		37A1B106218E66CA00098A3D /* Review.swift in Sources */ = {isa = PBXBuildFile; fileRef = 37A1B105218E66CA00098A3D /* Review.swift */; };
		37A1B108218E9B7700098A3D /* Database.swift in Sources */ = {isa = PBXBuildFile; fileRef = 37A1B107218E9B7700098A3D /* Database.swift */; };
		37B52AE0218E15EC005A5D5B /* AppDelegate.swift in Sources */ = {isa = PBXBuildFile; fileRef = 37B52ADF218E15EC005A5D5B /* AppDelegate.swift */; };
		37B52AE2218E15EC005A5D5B /* MapViewController.swift in Sources */ = {isa = PBXBuildFile; fileRef = 37B52AE1218E15EC005A5D5B /* MapViewController.swift */; };
		37B52AE4218E15EC005A5D5B /* SearchViewController.swift in Sources */ = {isa = PBXBuildFile; fileRef = 37B52AE3218E15EC005A5D5B /* SearchViewController.swift */; };
		37B52AE7218E15EC005A5D5B /* Main.storyboard in Resources */ = {isa = PBXBuildFile; fileRef = 37B52AE5218E15EC005A5D5B /* Main.storyboard */; };
		37B52AE9218E15ED005A5D5B /* Assets.xcassets in Resources */ = {isa = PBXBuildFile; fileRef = 37B52AE8218E15ED005A5D5B /* Assets.xcassets */; };
		37B52AEC218E15ED005A5D5B /* LaunchScreen.storyboard in Resources */ = {isa = PBXBuildFile; fileRef = 37B52AEA218E15ED005A5D5B /* LaunchScreen.storyboard */; };
		37B52AF7218E15ED005A5D5B /* BathroomsAtBerkeleyTests.swift in Sources */ = {isa = PBXBuildFile; fileRef = 37B52AF6218E15ED005A5D5B /* BathroomsAtBerkeleyTests.swift */; };
		37B52B02218E15ED005A5D5B /* BathroomsAtBerkeleyUITests.swift in Sources */ = {isa = PBXBuildFile; fileRef = 37B52B01218E15ED005A5D5B /* BathroomsAtBerkeleyUITests.swift */; };
		37B52B10218E272A005A5D5B /* ListViewController.swift in Sources */ = {isa = PBXBuildFile; fileRef = 37B52B0F218E272A005A5D5B /* ListViewController.swift */; };
/* End PBXBuildFile section */

/* Begin PBXContainerItemProxy section */
		37B52AF3218E15ED005A5D5B /* PBXContainerItemProxy */ = {
			isa = PBXContainerItemProxy;
			containerPortal = 37B52AD4218E15EC005A5D5B /* Project object */;
			proxyType = 1;
			remoteGlobalIDString = 37B52ADB218E15EC005A5D5B;
			remoteInfo = BathroomsAtBerkeley;
		};
		37B52AFE218E15ED005A5D5B /* PBXContainerItemProxy */ = {
			isa = PBXContainerItemProxy;
			containerPortal = 37B52AD4218E15EC005A5D5B /* Project object */;
			proxyType = 1;
			remoteGlobalIDString = 37B52ADB218E15EC005A5D5B;
			remoteInfo = BathroomsAtBerkeley;
		};
/* End PBXContainerItemProxy section */

/* Begin PBXFileReference section */
		37A1B103218E5C9400098A3D /* Bathroom.swift */ = {isa = PBXFileReference; lastKnownFileType = sourcecode.swift; path = Bathroom.swift; sourceTree = "<group>"; };
		37A1B105218E66CA00098A3D /* Review.swift */ = {isa = PBXFileReference; lastKnownFileType = sourcecode.swift; path = Review.swift; sourceTree = "<group>"; };
		37A1B107218E9B7700098A3D /* Database.swift */ = {isa = PBXFileReference; lastKnownFileType = sourcecode.swift; path = Database.swift; sourceTree = "<group>"; };
		37B52ADC218E15EC005A5D5B /* BathroomsAtBerkeley.app */ = {isa = PBXFileReference; explicitFileType = wrapper.application; includeInIndex = 0; path = BathroomsAtBerkeley.app; sourceTree = BUILT_PRODUCTS_DIR; };
		37B52ADF218E15EC005A5D5B /* AppDelegate.swift */ = {isa = PBXFileReference; lastKnownFileType = sourcecode.swift; path = AppDelegate.swift; sourceTree = "<group>"; };
		37B52AE1218E15EC005A5D5B /* MapViewController.swift */ = {isa = PBXFileReference; lastKnownFileType = sourcecode.swift; path = MapViewController.swift; sourceTree = "<group>"; };
		37B52AE3218E15EC005A5D5B /* SearchViewController.swift */ = {isa = PBXFileReference; lastKnownFileType = sourcecode.swift; path = SearchViewController.swift; sourceTree = "<group>"; };
		37B52AE6218E15EC005A5D5B /* Base */ = {isa = PBXFileReference; lastKnownFileType = file.storyboard; name = Base; path = Base.lproj/Main.storyboard; sourceTree = "<group>"; };
		37B52AE8218E15ED005A5D5B /* Assets.xcassets */ = {isa = PBXFileReference; lastKnownFileType = folder.assetcatalog; path = Assets.xcassets; sourceTree = "<group>"; };
		37B52AEB218E15ED005A5D5B /* Base */ = {isa = PBXFileReference; lastKnownFileType = file.storyboard; name = Base; path = Base.lproj/LaunchScreen.storyboard; sourceTree = "<group>"; };
		37B52AED218E15ED005A5D5B /* Info.plist */ = {isa = PBXFileReference; lastKnownFileType = text.plist.xml; path = Info.plist; sourceTree = "<group>"; };
		37B52AF2218E15ED005A5D5B /* BathroomsAtBerkeleyTests.xctest */ = {isa = PBXFileReference; explicitFileType = wrapper.cfbundle; includeInIndex = 0; path = BathroomsAtBerkeleyTests.xctest; sourceTree = BUILT_PRODUCTS_DIR; };
		37B52AF6218E15ED005A5D5B /* BathroomsAtBerkeleyTests.swift */ = {isa = PBXFileReference; lastKnownFileType = sourcecode.swift; path = BathroomsAtBerkeleyTests.swift; sourceTree = "<group>"; };
		37B52AF8218E15ED005A5D5B /* Info.plist */ = {isa = PBXFileReference; lastKnownFileType = text.plist.xml; path = Info.plist; sourceTree = "<group>"; };
		37B52AFD218E15ED005A5D5B /* BathroomsAtBerkeleyUITests.xctest */ = {isa = PBXFileReference; explicitFileType = wrapper.cfbundle; includeInIndex = 0; path = BathroomsAtBerkeleyUITests.xctest; sourceTree = BUILT_PRODUCTS_DIR; };
		37B52B01218E15ED005A5D5B /* BathroomsAtBerkeleyUITests.swift */ = {isa = PBXFileReference; lastKnownFileType = sourcecode.swift; path = BathroomsAtBerkeleyUITests.swift; sourceTree = "<group>"; };
		37B52B03218E15ED005A5D5B /* Info.plist */ = {isa = PBXFileReference; lastKnownFileType = text.plist.xml; path = Info.plist; sourceTree = "<group>"; };
		37B52B0F218E272A005A5D5B /* ListViewController.swift */ = {isa = PBXFileReference; lastKnownFileType = sourcecode.swift; path = ListViewController.swift; sourceTree = "<group>"; };
/* End PBXFileReference section */

/* Begin PBXFrameworksBuildPhase section */
		37B52AD9218E15EC005A5D5B /* Frameworks */ = {
			isa = PBXFrameworksBuildPhase;
			buildActionMask = 2147483647;
			files = (
			);
			runOnlyForDeploymentPostprocessing = 0;
		};
		37B52AEF218E15ED005A5D5B /* Frameworks */ = {
			isa = PBXFrameworksBuildPhase;
			buildActionMask = 2147483647;
			files = (
			);
			runOnlyForDeploymentPostprocessing = 0;
		};
		37B52AFA218E15ED005A5D5B /* Frameworks */ = {
			isa = PBXFrameworksBuildPhase;
			buildActionMask = 2147483647;
			files = (
			);
			runOnlyForDeploymentPostprocessing = 0;
		};
/* End PBXFrameworksBuildPhase section */

/* Begin PBXGroup section */
		37B52AD3218E15EC005A5D5B = {
			isa = PBXGroup;
			children = (
				37B52ADE218E15EC005A5D5B /* BathroomsAtBerkeley */,
				37B52AF5218E15ED005A5D5B /* BathroomsAtBerkeleyTests */,
				37B52B00218E15ED005A5D5B /* BathroomsAtBerkeleyUITests */,
				37B52ADD218E15EC005A5D5B /* Products */,
			);
			sourceTree = "<group>";
		};
		37B52ADD218E15EC005A5D5B /* Products */ = {
			isa = PBXGroup;
			children = (
				37B52ADC218E15EC005A5D5B /* BathroomsAtBerkeley.app */,
				37B52AF2218E15ED005A5D5B /* BathroomsAtBerkeleyTests.xctest */,
				37B52AFD218E15ED005A5D5B /* BathroomsAtBerkeleyUITests.xctest */,
			);
			name = Products;
			sourceTree = "<group>";
		};
		37B52ADE218E15EC005A5D5B /* BathroomsAtBerkeley */ = {
			isa = PBXGroup;
			children = (
				37B52ADF218E15EC005A5D5B /* AppDelegate.swift */,
				37B52AE1218E15EC005A5D5B /* MapViewController.swift */,
				37B52B0F218E272A005A5D5B /* ListViewController.swift */,
				37B52AE3218E15EC005A5D5B /* SearchViewController.swift */,
				37B52AE5218E15EC005A5D5B /* Main.storyboard */,
				37B52AE8218E15ED005A5D5B /* Assets.xcassets */,
				37B52AEA218E15ED005A5D5B /* LaunchScreen.storyboard */,
				37B52AED218E15ED005A5D5B /* Info.plist */,
				37A1B103218E5C9400098A3D /* Bathroom.swift */,
				37A1B105218E66CA00098A3D /* Review.swift */,
				37A1B107218E9B7700098A3D /* Database.swift */,
			);
			path = BathroomsAtBerkeley;
			sourceTree = "<group>";
		};
		37B52AF5218E15ED005A5D5B /* BathroomsAtBerkeleyTests */ = {
			isa = PBXGroup;
			children = (
				37B52AF6218E15ED005A5D5B /* BathroomsAtBerkeleyTests.swift */,
				37B52AF8218E15ED005A5D5B /* Info.plist */,
			);
			path = BathroomsAtBerkeleyTests;
			sourceTree = "<group>";
		};
		37B52B00218E15ED005A5D5B /* BathroomsAtBerkeleyUITests */ = {
			isa = PBXGroup;
			children = (
				37B52B01218E15ED005A5D5B /* BathroomsAtBerkeleyUITests.swift */,
				37B52B03218E15ED005A5D5B /* Info.plist */,
			);
			path = BathroomsAtBerkeleyUITests;
			sourceTree = "<group>";
		};
/* End PBXGroup section */

/* Begin PBXNativeTarget section */
		37B52ADB218E15EC005A5D5B /* BathroomsAtBerkeley */ = {
			isa = PBXNativeTarget;
			buildConfigurationList = 37B52B06218E15ED005A5D5B /* Build configuration list for PBXNativeTarget "BathroomsAtBerkeley" */;
			buildPhases = (
				37B52AD8218E15EC005A5D5B /* Sources */,
				37B52AD9218E15EC005A5D5B /* Frameworks */,
				37B52ADA218E15EC005A5D5B /* Resources */,
			);
			buildRules = (
			);
			dependencies = (
			);
			name = BathroomsAtBerkeley;
			productName = BathroomsAtBerkeley;
			productReference = 37B52ADC218E15EC005A5D5B /* BathroomsAtBerkeley.app */;
			productType = "com.apple.product-type.application";
		};
		37B52AF1218E15ED005A5D5B /* BathroomsAtBerkeleyTests */ = {
			isa = PBXNativeTarget;
			buildConfigurationList = 37B52B09218E15ED005A5D5B /* Build configuration list for PBXNativeTarget "BathroomsAtBerkeleyTests" */;
			buildPhases = (
				37B52AEE218E15ED005A5D5B /* Sources */,
				37B52AEF218E15ED005A5D5B /* Frameworks */,
				37B52AF0218E15ED005A5D5B /* Resources */,
			);
			buildRules = (
			);
			dependencies = (
				37B52AF4218E15ED005A5D5B /* PBXTargetDependency */,
			);
			name = BathroomsAtBerkeleyTests;
			productName = BathroomsAtBerkeleyTests;
			productReference = 37B52AF2218E15ED005A5D5B /* BathroomsAtBerkeleyTests.xctest */;
			productType = "com.apple.product-type.bundle.unit-test";
		};
		37B52AFC218E15ED005A5D5B /* BathroomsAtBerkeleyUITests */ = {
			isa = PBXNativeTarget;
			buildConfigurationList = 37B52B0C218E15ED005A5D5B /* Build configuration list for PBXNativeTarget "BathroomsAtBerkeleyUITests" */;
			buildPhases = (
				37B52AF9218E15ED005A5D5B /* Sources */,
				37B52AFA218E15ED005A5D5B /* Frameworks */,
				37B52AFB218E15ED005A5D5B /* Resources */,
			);
			buildRules = (
			);
			dependencies = (
				37B52AFF218E15ED005A5D5B /* PBXTargetDependency */,
			);
			name = BathroomsAtBerkeleyUITests;
			productName = BathroomsAtBerkeleyUITests;
			productReference = 37B52AFD218E15ED005A5D5B /* BathroomsAtBerkeleyUITests.xctest */;
			productType = "com.apple.product-type.bundle.ui-testing";
		};
/* End PBXNativeTarget section */

/* Begin PBXProject section */
		37B52AD4218E15EC005A5D5B /* Project object */ = {
			isa = PBXProject;
			attributes = {
				LastSwiftUpdateCheck = 1010;
				LastUpgradeCheck = 1010;
				ORGANIZATIONNAME = "Team :o";
				TargetAttributes = {
					37B52ADB218E15EC005A5D5B = {
						CreatedOnToolsVersion = 10.1;
					};
					37B52AF1218E15ED005A5D5B = {
						CreatedOnToolsVersion = 10.1;
						TestTargetID = 37B52ADB218E15EC005A5D5B;
					};
					37B52AFC218E15ED005A5D5B = {
						CreatedOnToolsVersion = 10.1;
						TestTargetID = 37B52ADB218E15EC005A5D5B;
					};
				};
			};
			buildConfigurationList = 37B52AD7218E15EC005A5D5B /* Build configuration list for PBXProject "BathroomsAtBerkeley" */;
			compatibilityVersion = "Xcode 9.3";
			developmentRegion = en;
			hasScannedForEncodings = 0;
			knownRegions = (
				en,
				Base,
			);
			mainGroup = 37B52AD3218E15EC005A5D5B;
			productRefGroup = 37B52ADD218E15EC005A5D5B /* Products */;
			projectDirPath = "";
			projectRoot = "";
			targets = (
				37B52ADB218E15EC005A5D5B /* BathroomsAtBerkeley */,
				37B52AF1218E15ED005A5D5B /* BathroomsAtBerkeleyTests */,
				37B52AFC218E15ED005A5D5B /* BathroomsAtBerkeleyUITests */,
			);
		};
/* End PBXProject section */

/* Begin PBXResourcesBuildPhase section */
		37B52ADA218E15EC005A5D5B /* Resources */ = {
			isa = PBXResourcesBuildPhase;
			buildActionMask = 2147483647;
			files = (
				37B52AEC218E15ED005A5D5B /* LaunchScreen.storyboard in Resources */,
				37B52AE9218E15ED005A5D5B /* Assets.xcassets in Resources */,
				37B52AE7218E15EC005A5D5B /* Main.storyboard in Resources */,
			);
			runOnlyForDeploymentPostprocessing = 0;
		};
		37B52AF0218E15ED005A5D5B /* Resources */ = {
			isa = PBXResourcesBuildPhase;
			buildActionMask = 2147483647;
			files = (
			);
			runOnlyForDeploymentPostprocessing = 0;
		};
		37B52AFB218E15ED005A5D5B /* Resources */ = {
			isa = PBXResourcesBuildPhase;
			buildActionMask = 2147483647;
			files = (
			);
			runOnlyForDeploymentPostprocessing = 0;
		};
/* End PBXResourcesBuildPhase section */

/* Begin PBXSourcesBuildPhase section */
		37B52AD8218E15EC005A5D5B /* Sources */ = {
			isa = PBXSourcesBuildPhase;
			buildActionMask = 2147483647;
			files = (
				37B52AE4218E15EC005A5D5B /* SearchViewController.swift in Sources */,
				37B52AE0218E15EC005A5D5B /* AppDelegate.swift in Sources */,
				37B52B10218E272A005A5D5B /* ListViewController.swift in Sources */,
				37A1B104218E5C9400098A3D /* Bathroom.swift in Sources */,
				37B52AE2218E15EC005A5D5B /* MapViewController.swift in Sources */,
				37A1B108218E9B7700098A3D /* Database.swift in Sources */,
				37A1B106218E66CA00098A3D /* Review.swift in Sources */,
			);
			runOnlyForDeploymentPostprocessing = 0;
		};
		37B52AEE218E15ED005A5D5B /* Sources */ = {
			isa = PBXSourcesBuildPhase;
			buildActionMask = 2147483647;
			files = (
				37B52AF7218E15ED005A5D5B /* BathroomsAtBerkeleyTests.swift in Sources */,
			);
			runOnlyForDeploymentPostprocessing = 0;
		};
		37B52AF9218E15ED005A5D5B /* Sources */ = {
			isa = PBXSourcesBuildPhase;
			buildActionMask = 2147483647;
			files = (
				37B52B02218E15ED005A5D5B /* BathroomsAtBerkeleyUITests.swift in Sources */,
			);
			runOnlyForDeploymentPostprocessing = 0;
		};
/* End PBXSourcesBuildPhase section */

/* Begin PBXTargetDependency section */
		37B52AF4218E15ED005A5D5B /* PBXTargetDependency */ = {
			isa = PBXTargetDependency;
			target = 37B52ADB218E15EC005A5D5B /* BathroomsAtBerkeley */;
			targetProxy = 37B52AF3218E15ED005A5D5B /* PBXContainerItemProxy */;
		};
		37B52AFF218E15ED005A5D5B /* PBXTargetDependency */ = {
			isa = PBXTargetDependency;
			target = 37B52ADB218E15EC005A5D5B /* BathroomsAtBerkeley */;
			targetProxy = 37B52AFE218E15ED005A5D5B /* PBXContainerItemProxy */;
		};
/* End PBXTargetDependency section */

/* Begin PBXVariantGroup section */
		37B52AE5218E15EC005A5D5B /* Main.storyboard */ = {
			isa = PBXVariantGroup;
			children = (
				37B52AE6218E15EC005A5D5B /* Base */,
			);
			name = Main.storyboard;
			sourceTree = "<group>";
		};
		37B52AEA218E15ED005A5D5B /* LaunchScreen.storyboard */ = {
			isa = PBXVariantGroup;
			children = (
				37B52AEB218E15ED005A5D5B /* Base */,
			);
			name = LaunchScreen.storyboard;
			sourceTree = "<group>";
		};
/* End PBXVariantGroup section */

/* Begin XCBuildConfiguration section */
		37B52B04218E15ED005A5D5B /* Debug */ = {
			isa = XCBuildConfiguration;
			buildSettings = {
				ALWAYS_SEARCH_USER_PATHS = NO;
				CLANG_ANALYZER_NONNULL = YES;
				CLANG_ANALYZER_NUMBER_OBJECT_CONVERSION = YES_AGGRESSIVE;
				CLANG_CXX_LANGUAGE_STANDARD = "gnu++14";
				CLANG_CXX_LIBRARY = "libc++";
				CLANG_ENABLE_MODULES = YES;
				CLANG_ENABLE_OBJC_ARC = YES;
				CLANG_ENABLE_OBJC_WEAK = YES;
				CLANG_WARN_BLOCK_CAPTURE_AUTORELEASING = YES;
				CLANG_WARN_BOOL_CONVERSION = YES;
				CLANG_WARN_COMMA = YES;
				CLANG_WARN_CONSTANT_CONVERSION = YES;
				CLANG_WARN_DEPRECATED_OBJC_IMPLEMENTATIONS = YES;
				CLANG_WARN_DIRECT_OBJC_ISA_USAGE = YES_ERROR;
				CLANG_WARN_DOCUMENTATION_COMMENTS = YES;
				CLANG_WARN_EMPTY_BODY = YES;
				CLANG_WARN_ENUM_CONVERSION = YES;
				CLANG_WARN_INFINITE_RECURSION = YES;
				CLANG_WARN_INT_CONVERSION = YES;
				CLANG_WARN_NON_LITERAL_NULL_CONVERSION = YES;
				CLANG_WARN_OBJC_IMPLICIT_RETAIN_SELF = YES;
				CLANG_WARN_OBJC_LITERAL_CONVERSION = YES;
				CLANG_WARN_OBJC_ROOT_CLASS = YES_ERROR;
				CLANG_WARN_RANGE_LOOP_ANALYSIS = YES;
				CLANG_WARN_STRICT_PROTOTYPES = YES;
				CLANG_WARN_SUSPICIOUS_MOVE = YES;
				CLANG_WARN_UNGUARDED_AVAILABILITY = YES_AGGRESSIVE;
				CLANG_WARN_UNREACHABLE_CODE = YES;
				CLANG_WARN__DUPLICATE_METHOD_MATCH = YES;
				CODE_SIGN_IDENTITY = "iPhone Developer";
				COPY_PHASE_STRIP = NO;
				DEBUG_INFORMATION_FORMAT = dwarf;
				ENABLE_STRICT_OBJC_MSGSEND = YES;
				ENABLE_TESTABILITY = YES;
				GCC_C_LANGUAGE_STANDARD = gnu11;
				GCC_DYNAMIC_NO_PIC = NO;
				GCC_NO_COMMON_BLOCKS = YES;
				GCC_OPTIMIZATION_LEVEL = 0;
				GCC_PREPROCESSOR_DEFINITIONS = (
					"DEBUG=1",
					"$(inherited)",
				);
				GCC_WARN_64_TO_32_BIT_CONVERSION = YES;
				GCC_WARN_ABOUT_RETURN_TYPE = YES_ERROR;
				GCC_WARN_UNDECLARED_SELECTOR = YES;
				GCC_WARN_UNINITIALIZED_AUTOS = YES_AGGRESSIVE;
				GCC_WARN_UNUSED_FUNCTION = YES;
				GCC_WARN_UNUSED_VARIABLE = YES;
				IPHONEOS_DEPLOYMENT_TARGET = 12.1;
				MTL_ENABLE_DEBUG_INFO = INCLUDE_SOURCE;
				MTL_FAST_MATH = YES;
				ONLY_ACTIVE_ARCH = YES;
				SDKROOT = iphoneos;
				SWIFT_ACTIVE_COMPILATION_CONDITIONS = DEBUG;
				SWIFT_OPTIMIZATION_LEVEL = "-Onone";
			};
			name = Debug;
		};
		37B52B05218E15ED005A5D5B /* Release */ = {
			isa = XCBuildConfiguration;
			buildSettings = {
				ALWAYS_SEARCH_USER_PATHS = NO;
				CLANG_ANALYZER_NONNULL = YES;
				CLANG_ANALYZER_NUMBER_OBJECT_CONVERSION = YES_AGGRESSIVE;
				CLANG_CXX_LANGUAGE_STANDARD = "gnu++14";
				CLANG_CXX_LIBRARY = "libc++";
				CLANG_ENABLE_MODULES = YES;
				CLANG_ENABLE_OBJC_ARC = YES;
				CLANG_ENABLE_OBJC_WEAK = YES;
				CLANG_WARN_BLOCK_CAPTURE_AUTORELEASING = YES;
				CLANG_WARN_BOOL_CONVERSION = YES;
				CLANG_WARN_COMMA = YES;
				CLANG_WARN_CONSTANT_CONVERSION = YES;
				CLANG_WARN_DEPRECATED_OBJC_IMPLEMENTATIONS = YES;
				CLANG_WARN_DIRECT_OBJC_ISA_USAGE = YES_ERROR;
				CLANG_WARN_DOCUMENTATION_COMMENTS = YES;
				CLANG_WARN_EMPTY_BODY = YES;
				CLANG_WARN_ENUM_CONVERSION = YES;
				CLANG_WARN_INFINITE_RECURSION = YES;
				CLANG_WARN_INT_CONVERSION = YES;
				CLANG_WARN_NON_LITERAL_NULL_CONVERSION = YES;
				CLANG_WARN_OBJC_IMPLICIT_RETAIN_SELF = YES;
				CLANG_WARN_OBJC_LITERAL_CONVERSION = YES;
				CLANG_WARN_OBJC_ROOT_CLASS = YES_ERROR;
				CLANG_WARN_RANGE_LOOP_ANALYSIS = YES;
				CLANG_WARN_STRICT_PROTOTYPES = YES;
				CLANG_WARN_SUSPICIOUS_MOVE = YES;
				CLANG_WARN_UNGUARDED_AVAILABILITY = YES_AGGRESSIVE;
				CLANG_WARN_UNREACHABLE_CODE = YES;
				CLANG_WARN__DUPLICATE_METHOD_MATCH = YES;
				CODE_SIGN_IDENTITY = "iPhone Developer";
				COPY_PHASE_STRIP = NO;
				DEBUG_INFORMATION_FORMAT = "dwarf-with-dsym";
				ENABLE_NS_ASSERTIONS = NO;
				ENABLE_STRICT_OBJC_MSGSEND = YES;
				GCC_C_LANGUAGE_STANDARD = gnu11;
				GCC_NO_COMMON_BLOCKS = YES;
				GCC_WARN_64_TO_32_BIT_CONVERSION = YES;
				GCC_WARN_ABOUT_RETURN_TYPE = YES_ERROR;
				GCC_WARN_UNDECLARED_SELECTOR = YES;
				GCC_WARN_UNINITIALIZED_AUTOS = YES_AGGRESSIVE;
				GCC_WARN_UNUSED_FUNCTION = YES;
				GCC_WARN_UNUSED_VARIABLE = YES;
				IPHONEOS_DEPLOYMENT_TARGET = 12.1;
				MTL_ENABLE_DEBUG_INFO = NO;
				MTL_FAST_MATH = YES;
				SDKROOT = iphoneos;
				SWIFT_COMPILATION_MODE = wholemodule;
				SWIFT_OPTIMIZATION_LEVEL = "-O";
				VALIDATE_PRODUCT = YES;
			};
			name = Release;
		};
		37B52B07218E15ED005A5D5B /* Debug */ = {
			isa = XCBuildConfiguration;
			buildSettings = {
				ASSETCATALOG_COMPILER_APPICON_NAME = AppIcon;
				CODE_SIGN_STYLE = Automatic;
				INFOPLIST_FILE = BathroomsAtBerkeley/Info.plist;
				LD_RUNPATH_SEARCH_PATHS = (
					"$(inherited)",
					"@executable_path/Frameworks",
				);
				PRODUCT_BUNDLE_IDENTIFIER = "Team--o.BathroomsAtBerkeley";
				PRODUCT_NAME = "$(TARGET_NAME)";
				SWIFT_VERSION = 4.2;
				TARGETED_DEVICE_FAMILY = "1,2";
			};
			name = Debug;
		};
		37B52B08218E15ED005A5D5B /* Release */ = {
			isa = XCBuildConfiguration;
			buildSettings = {
				ASSETCATALOG_COMPILER_APPICON_NAME = AppIcon;
				CODE_SIGN_STYLE = Automatic;
				INFOPLIST_FILE = BathroomsAtBerkeley/Info.plist;
				LD_RUNPATH_SEARCH_PATHS = (
					"$(inherited)",
					"@executable_path/Frameworks",
				);
				PRODUCT_BUNDLE_IDENTIFIER = "Team--o.BathroomsAtBerkeley";
				PRODUCT_NAME = "$(TARGET_NAME)";
				SWIFT_VERSION = 4.2;
				TARGETED_DEVICE_FAMILY = "1,2";
			};
			name = Release;
		};
		37B52B0A218E15ED005A5D5B /* Debug */ = {
			isa = XCBuildConfiguration;
			buildSettings = {
				ALWAYS_EMBED_SWIFT_STANDARD_LIBRARIES = YES;
				BUNDLE_LOADER = "$(TEST_HOST)";
				CODE_SIGN_STYLE = Automatic;
				INFOPLIST_FILE = BathroomsAtBerkeleyTests/Info.plist;
				LD_RUNPATH_SEARCH_PATHS = (
					"$(inherited)",
					"@executable_path/Frameworks",
					"@loader_path/Frameworks",
				);
				PRODUCT_BUNDLE_IDENTIFIER = "Team--o.BathroomsAtBerkeleyTests";
				PRODUCT_NAME = "$(TARGET_NAME)";
				SWIFT_VERSION = 4.2;
				TARGETED_DEVICE_FAMILY = "1,2";
				TEST_HOST = "$(BUILT_PRODUCTS_DIR)/BathroomsAtBerkeley.app/BathroomsAtBerkeley";
			};
			name = Debug;
		};
		37B52B0B218E15ED005A5D5B /* Release */ = {
			isa = XCBuildConfiguration;
			buildSettings = {
				ALWAYS_EMBED_SWIFT_STANDARD_LIBRARIES = YES;
				BUNDLE_LOADER = "$(TEST_HOST)";
				CODE_SIGN_STYLE = Automatic;
				INFOPLIST_FILE = BathroomsAtBerkeleyTests/Info.plist;
				LD_RUNPATH_SEARCH_PATHS = (
					"$(inherited)",
					"@executable_path/Frameworks",
					"@loader_path/Frameworks",
				);
				PRODUCT_BUNDLE_IDENTIFIER = "Team--o.BathroomsAtBerkeleyTests";
				PRODUCT_NAME = "$(TARGET_NAME)";
				SWIFT_VERSION = 4.2;
				TARGETED_DEVICE_FAMILY = "1,2";
				TEST_HOST = "$(BUILT_PRODUCTS_DIR)/BathroomsAtBerkeley.app/BathroomsAtBerkeley";
			};
			name = Release;
		};
		37B52B0D218E15ED005A5D5B /* Debug */ = {
			isa = XCBuildConfiguration;
			buildSettings = {
				ALWAYS_EMBED_SWIFT_STANDARD_LIBRARIES = YES;
				CODE_SIGN_STYLE = Automatic;
				INFOPLIST_FILE = BathroomsAtBerkeleyUITests/Info.plist;
				LD_RUNPATH_SEARCH_PATHS = (
					"$(inherited)",
					"@executable_path/Frameworks",
					"@loader_path/Frameworks",
				);
				PRODUCT_BUNDLE_IDENTIFIER = "Team--o.BathroomsAtBerkeleyUITests";
				PRODUCT_NAME = "$(TARGET_NAME)";
				SWIFT_VERSION = 4.2;
				TARGETED_DEVICE_FAMILY = "1,2";
				TEST_TARGET_NAME = BathroomsAtBerkeley;
			};
			name = Debug;
		};
		37B52B0E218E15ED005A5D5B /* Release */ = {
			isa = XCBuildConfiguration;
			buildSettings = {
				ALWAYS_EMBED_SWIFT_STANDARD_LIBRARIES = YES;
				CODE_SIGN_STYLE = Automatic;
				INFOPLIST_FILE = BathroomsAtBerkeleyUITests/Info.plist;
				LD_RUNPATH_SEARCH_PATHS = (
					"$(inherited)",
					"@executable_path/Frameworks",
					"@loader_path/Frameworks",
				);
				PRODUCT_BUNDLE_IDENTIFIER = "Team--o.BathroomsAtBerkeleyUITests";
				PRODUCT_NAME = "$(TARGET_NAME)";
				SWIFT_VERSION = 4.2;
				TARGETED_DEVICE_FAMILY = "1,2";
				TEST_TARGET_NAME = BathroomsAtBerkeley;
			};
			name = Release;
		};
/* End XCBuildConfiguration section */

/* Begin XCConfigurationList section */
		37B52AD7218E15EC005A5D5B /* Build configuration list for PBXProject "BathroomsAtBerkeley" */ = {
			isa = XCConfigurationList;
			buildConfigurations = (
				37B52B04218E15ED005A5D5B /* Debug */,
				37B52B05218E15ED005A5D5B /* Release */,
			);
			defaultConfigurationIsVisible = 0;
			defaultConfigurationName = Release;
		};
		37B52B06218E15ED005A5D5B /* Build configuration list for PBXNativeTarget "BathroomsAtBerkeley" */ = {
			isa = XCConfigurationList;
			buildConfigurations = (
				37B52B07218E15ED005A5D5B /* Debug */,
				37B52B08218E15ED005A5D5B /* Release */,
			);
			defaultConfigurationIsVisible = 0;
			defaultConfigurationName = Release;
		};
		37B52B09218E15ED005A5D5B /* Build configuration list for PBXNativeTarget "BathroomsAtBerkeleyTests" */ = {
			isa = XCConfigurationList;
			buildConfigurations = (
				37B52B0A218E15ED005A5D5B /* Debug */,
				37B52B0B218E15ED005A5D5B /* Release */,
			);
			defaultConfigurationIsVisible = 0;
			defaultConfigurationName = Release;
		};
		37B52B0C218E15ED005A5D5B /* Build configuration list for PBXNativeTarget "BathroomsAtBerkeleyUITests" */ = {
			isa = XCConfigurationList;
			buildConfigurations = (
				37B52B0D218E15ED005A5D5B /* Debug */,
				37B52B0E218E15ED005A5D5B /* Release */,
			);
			defaultConfigurationIsVisible = 0;
			defaultConfigurationName = Release;
		};
/* End XCConfigurationList section */
	};
	rootObject = 37B52AD4218E15EC005A5D5B /* Project object */;
}
